
Microsoft Visual Studio Solution File, Format Version 12.00
# Visual Studio Version 16
VisualStudioVersion = 16.0.32510.428
MinimumVisualStudioVersion = 10.0.40219.1
Project("{FAE04EC0-301F-11D3-BF4B-00C04F79EFBC}") = "SynonymsAPI", "SynonymsAPI\SynonymsAPI.csproj", "{F5047D07-56D1-4EF2-BD09-4857C62A6073}"
EndProject
Global
	GlobalSection(SolutionConfigurationPlatforms) = preSolution
		Debug|Any CPU = Debug|Any CPU
		Release|Any CPU = Release|Any CPU
	EndGlobalSection
	GlobalSection(ProjectConfigurationPlatforms) = postSolution
		{F5047D07-56D1-4EF2-BD09-4857C62A6073}.Debug|Any CPU.ActiveCfg = Debug|Any CPU
		{F5047D07-56D1-4EF2-BD09-4857C62A6073}.Debug|Any CPU.Build.0 = Debug|Any CPU
		{F5047D07-56D1-4EF2-BD09-4857C62A6073}.Release|Any CPU.ActiveCfg = Release|Any CPU
		{F5047D07-56D1-4EF2-BD09-4857C62A6073}.Release|Any CPU.Build.0 = Release|Any CPU
	EndGlobalSection
	GlobalSection(SolutionProperties) = preSolution
		HideSolutionNode = FALSE
	EndGlobalSection
	GlobalSection(ExtensibilityGlobals) = postSolution
		SolutionGuid = {611E5245-0FC2-46EA-898B-511BCBBC0B13}
	EndGlobalSection
EndGlobal
